
Microsoft Visual Studio Solution File, Format Version 12.00
# Visual Studio Version 17
VisualStudioVersion = 17.8.34330.188
MinimumVisualStudioVersion = 10.0.40219.1
Project("{FAE04EC0-301F-11D3-BF4B-00C04F79EFBC}") = "ImTiredProject", "ImTiredProject\ImTiredProject.csproj", "{9F7FF992-605B-4FEC-A5A7-B234E0BB0DD3}"
EndProject
Global
	GlobalSection(SolutionConfigurationPlatforms) = preSolution
		Debug|Any CPU = Debug|Any CPU
		Release|Any CPU = Release|Any CPU
	EndGlobalSection
	GlobalSection(ProjectConfigurationPlatforms) = postSolution
		{9F7FF992-605B-4FEC-A5A7-B234E0BB0DD3}.Debug|Any CPU.ActiveCfg = Debug|Any CPU
		{9F7FF992-605B-4FEC-A5A7-B234E0BB0DD3}.Debug|Any CPU.Build.0 = Debug|Any CPU
		{9F7FF992-605B-4FEC-A5A7-B234E0BB0DD3}.Release|Any CPU.ActiveCfg = Release|Any CPU
		{9F7FF992-605B-4FEC-A5A7-B234E0BB0DD3}.Release|Any CPU.Build.0 = Release|Any CPU
	EndGlobalSection
	GlobalSection(SolutionProperties) = preSolution
		HideSolutionNode = FALSE
	EndGlobalSection
	GlobalSection(ExtensibilityGlobals) = postSolution
		SolutionGuid = {72C19D89-484B-4D47-9826-DE8EF4DFBEC3}
	EndGlobalSection
EndGlobal
